
Microsoft Visual Studio Solution File, Format Version 12.00
# Visual Studio 15
VisualStudioVersion = 15.0.27004.2005
MinimumVisualStudioVersion = 10.0.40219.1
Project("{FAE04EC0-301F-11D3-BF4B-00C04F79EFBC}") = "Metron.Xamarin.iOS", "MetronXamarin\MetronXamarin.iOS\Metron.Xamarin.iOS.csproj", "{DB81C297-328F-4818-B64D-90A9DC6DE047}"
EndProject
Project("{9A19103F-16F7-4668-BE54-9A1E7A4F7556}") = "Metron.CoreLib", "MetronomeLib\Metron.CoreLib.csproj", "{D57EE358-0693-4947-AD24-7C073485C66B}"
EndProject
Project("{9A19103F-16F7-4668-BE54-9A1E7A4F7556}") = "Metron.Xamarin", "Metron.Xamarin\Metron.Xamarin.csproj", "{4EBD9018-1C9F-49DF-90C4-FE13FE88E5EA}"
EndProject
Project("{FAE04EC0-301F-11D3-BF4B-00C04F79EFBC}") = "Metron.WPF", "Metron.WPF\Metron.WPF.csproj", "{2641BC03-DAFB-4337-AABC-76F450DC0E1F}"
EndProject
Project("{FAE04EC0-301F-11D3-BF4B-00C04F79EFBC}") = "Metron.Xamarin.Android", "MetronXamarin\MetronXamarin.Android\Metron.Xamarin.Android.csproj", "{BEC51383-2472-4452-B0B5-B648C089F700}"
EndProject
Project("{FAE04EC0-301F-11D3-BF4B-00C04F79EFBC}") = "Metron.UnitTests", "Metron.UnitTests\Metron.UnitTests.csproj", "{756B839A-5F24-4015-B64C-81EC98836B31}"
EndProject
Global
	GlobalSection(SolutionConfigurationPlatforms) = preSolution
		Ad-Hoc|Any CPU = Ad-Hoc|Any CPU
		Ad-Hoc|iPhone = Ad-Hoc|iPhone
		Ad-Hoc|iPhoneSimulator = Ad-Hoc|iPhoneSimulator
		AppStore|Any CPU = AppStore|Any CPU
		AppStore|iPhone = AppStore|iPhone
		AppStore|iPhoneSimulator = AppStore|iPhoneSimulator
		Debug|Any CPU = Debug|Any CPU
		Debug|iPhone = Debug|iPhone
		Debug|iPhoneSimulator = Debug|iPhoneSimulator
		Release|Any CPU = Release|Any CPU
		Release|iPhone = Release|iPhone
		Release|iPhoneSimulator = Release|iPhoneSimulator
	EndGlobalSection
	GlobalSection(ProjectConfigurationPlatforms) = postSolution
		{DB81C297-328F-4818-B64D-90A9DC6DE047}.Ad-Hoc|Any CPU.ActiveCfg = Ad-Hoc|iPhoneSimulator
		{DB81C297-328F-4818-B64D-90A9DC6DE047}.Ad-Hoc|iPhone.ActiveCfg = Ad-Hoc|iPhone
		{DB81C297-328F-4818-B64D-90A9DC6DE047}.Ad-Hoc|iPhone.Build.0 = Ad-Hoc|iPhone
		{DB81C297-328F-4818-B64D-90A9DC6DE047}.Ad-Hoc|iPhoneSimulator.ActiveCfg = Ad-Hoc|iPhoneSimulator
		{DB81C297-328F-4818-B64D-90A9DC6DE047}.Ad-Hoc|iPhoneSimulator.Build.0 = Ad-Hoc|iPhoneSimulator
		{DB81C297-328F-4818-B64D-90A9DC6DE047}.AppStore|Any CPU.ActiveCfg = AppStore|iPhoneSimulator
		{DB81C297-328F-4818-B64D-90A9DC6DE047}.AppStore|iPhone.ActiveCfg = AppStore|iPhone
		{DB81C297-328F-4818-B64D-90A9DC6DE047}.AppStore|iPhone.Build.0 = AppStore|iPhone
		{DB81C297-328F-4818-B64D-90A9DC6DE047}.AppStore|iPhoneSimulator.ActiveCfg = AppStore|iPhoneSimulator
		{DB81C297-328F-4818-B64D-90A9DC6DE047}.AppStore|iPhoneSimulator.Build.0 = AppStore|iPhoneSimulator
		{DB81C297-328F-4818-B64D-90A9DC6DE047}.Debug|Any CPU.ActiveCfg = Debug|iPhoneSimulator
		{DB81C297-328F-4818-B64D-90A9DC6DE047}.Debug|iPhone.ActiveCfg = Debug|iPhone
		{DB81C297-328F-4818-B64D-90A9DC6DE047}.Debug|iPhone.Build.0 = Debug|iPhone
		{DB81C297-328F-4818-B64D-90A9DC6DE047}.Debug|iPhoneSimulator.ActiveCfg = Debug|iPhoneSimulator
		{DB81C297-328F-4818-B64D-90A9DC6DE047}.Debug|iPhoneSimulator.Build.0 = Debug|iPhoneSimulator
		{DB81C297-328F-4818-B64D-90A9DC6DE047}.Release|Any CPU.ActiveCfg = Release|iPhoneSimulator
		{DB81C297-328F-4818-B64D-90A9DC6DE047}.Release|iPhone.ActiveCfg = Release|iPhone
		{DB81C297-328F-4818-B64D-90A9DC6DE047}.Release|iPhone.Build.0 = Release|iPhone
		{DB81C297-328F-4818-B64D-90A9DC6DE047}.Release|iPhoneSimulator.ActiveCfg = Release|iPhoneSimulator
		{DB81C297-328F-4818-B64D-90A9DC6DE047}.Release|iPhoneSimulator.Build.0 = Release|iPhoneSimulator
		{D57EE358-0693-4947-AD24-7C073485C66B}.Ad-Hoc|Any CPU.ActiveCfg = Debug|Any CPU
		{D57EE358-0693-4947-AD24-7C073485C66B}.Ad-Hoc|Any CPU.Build.0 = Debug|Any CPU
		{D57EE358-0693-4947-AD24-7C073485C66B}.Ad-Hoc|iPhone.ActiveCfg = Debug|Any CPU
		{D57EE358-0693-4947-AD24-7C073485C66B}.Ad-Hoc|iPhone.Build.0 = Debug|Any CPU
		{D57EE358-0693-4947-AD24-7C073485C66B}.Ad-Hoc|iPhoneSimulator.ActiveCfg = Debug|Any CPU
		{D57EE358-0693-4947-AD24-7C073485C66B}.Ad-Hoc|iPhoneSimulator.Build.0 = Debug|Any CPU
		{D57EE358-0693-4947-AD24-7C073485C66B}.AppStore|Any CPU.ActiveCfg = Debug|Any CPU
		{D57EE358-0693-4947-AD24-7C073485C66B}.AppStore|Any CPU.Build.0 = Debug|Any CPU
		{D57EE358-0693-4947-AD24-7C073485C66B}.AppStore|iPhone.ActiveCfg = Debug|Any CPU
		{D57EE358-0693-4947-AD24-7C073485C66B}.AppStore|iPhone.Build.0 = Debug|Any CPU
		{D57EE358-0693-4947-AD24-7C073485C66B}.AppStore|iPhoneSimulator.ActiveCfg = Debug|Any CPU
		{D57EE358-0693-4947-AD24-7C073485C66B}.AppStore|iPhoneSimulator.Build.0 = Debug|Any CPU
		{D57EE358-0693-4947-AD24-7C073485C66B}.Debug|Any CPU.ActiveCfg = Debug|Any CPU
		{D57EE358-0693-4947-AD24-7C073485C66B}.Debug|Any CPU.Build.0 = Debug|Any CPU
		{D57EE358-0693-4947-AD24-7C073485C66B}.Debug|iPhone.ActiveCfg = Debug|Any CPU
		{D57EE358-0693-4947-AD24-7C073485C66B}.Debug|iPhone.Build.0 = Debug|Any CPU
		{D57EE358-0693-4947-AD24-7C073485C66B}.Debug|iPhoneSimulator.ActiveCfg = Debug|Any CPU
		{D57EE358-0693-4947-AD24-7C073485C66B}.Debug|iPhoneSimulator.Build.0 = Debug|Any CPU
		{D57EE358-0693-4947-AD24-7C073485C66B}.Release|Any CPU.ActiveCfg = Release|Any CPU
		{D57EE358-0693-4947-AD24-7C073485C66B}.Release|Any CPU.Build.0 = Release|Any CPU
		{D57EE358-0693-4947-AD24-7C073485C66B}.Release|iPhone.ActiveCfg = Release|Any CPU
		{D57EE358-0693-4947-AD24-7C073485C66B}.Release|iPhone.Build.0 = Release|Any CPU
		{D57EE358-0693-4947-AD24-7C073485C66B}.Release|iPhoneSimulator.ActiveCfg = Release|Any CPU
		{D57EE358-0693-4947-AD24-7C073485C66B}.Release|iPhoneSimulator.Build.0 = Release|Any CPU
		{4EBD9018-1C9F-49DF-90C4-FE13FE88E5EA}.Ad-Hoc|Any CPU.ActiveCfg = Debug|Any CPU
		{4EBD9018-1C9F-49DF-90C4-FE13FE88E5EA}.Ad-Hoc|Any CPU.Build.0 = Debug|Any CPU
		{4EBD9018-1C9F-49DF-90C4-FE13FE88E5EA}.Ad-Hoc|iPhone.ActiveCfg = Debug|Any CPU
		{4EBD9018-1C9F-49DF-90C4-FE13FE88E5EA}.Ad-Hoc|iPhone.Build.0 = Debug|Any CPU
		{4EBD9018-1C9F-49DF-90C4-FE13FE88E5EA}.Ad-Hoc|iPhoneSimulator.ActiveCfg = Debug|Any CPU
		{4EBD9018-1C9F-49DF-90C4-FE13FE88E5EA}.Ad-Hoc|iPhoneSimulator.Build.0 = Debug|Any CPU
		{4EBD9018-1C9F-49DF-90C4-FE13FE88E5EA}.AppStore|Any CPU.ActiveCfg = Debug|Any CPU
		{4EBD9018-1C9F-49DF-90C4-FE13FE88E5EA}.AppStore|Any CPU.Build.0 = Debug|Any CPU
		{4EBD9018-1C9F-49DF-90C4-FE13FE88E5EA}.AppStore|iPhone.ActiveCfg = Debug|Any CPU
		{4EBD9018-1C9F-49DF-90C4-FE13FE88E5EA}.AppStore|iPhone.Build.0 = Debug|Any CPU
		{4EBD9018-1C9F-49DF-90C4-FE13FE88E5EA}.AppStore|iPhoneSimulator.ActiveCfg = Debug|Any CPU
		{4EBD9018-1C9F-49DF-90C4-FE13FE88E5EA}.AppStore|iPhoneSimulator.Build.0 = Debug|Any CPU
		{4EBD9018-1C9F-49DF-90C4-FE13FE88E5EA}.Debug|Any CPU.ActiveCfg = Debug|Any CPU
		{4EBD9018-1C9F-49DF-90C4-FE13FE88E5EA}.Debug|Any CPU.Build.0 = Debug|Any CPU
		{4EBD9018-1C9F-49DF-90C4-FE13FE88E5EA}.Debug|iPhone.ActiveCfg = Debug|Any CPU
		{4EBD9018-1C9F-49DF-90C4-FE13FE88E5EA}.Debug|iPhone.Build.0 = Debug|Any CPU
		{4EBD9018-1C9F-49DF-90C4-FE13FE88E5EA}.Debug|iPhoneSimulator.ActiveCfg = Debug|Any CPU
		{4EBD9018-1C9F-49DF-90C4-FE13FE88E5EA}.Debug|iPhoneSimulator.Build.0 = Debug|Any CPU
		{4EBD9018-1C9F-49DF-90C4-FE13FE88E5EA}.Release|Any CPU.ActiveCfg = Release|Any CPU
		{4EBD9018-1C9F-49DF-90C4-FE13FE88E5EA}.Release|Any CPU.Build.0 = Release|Any CPU
		{4EBD9018-1C9F-49DF-90C4-FE13FE88E5EA}.Release|iPhone.ActiveCfg = Release|Any CPU
		{4EBD9018-1C9F-49DF-90C4-FE13FE88E5EA}.Release|iPhone.Build.0 = Release|Any CPU
		{4EBD9018-1C9F-49DF-90C4-FE13FE88E5EA}.Release|iPhoneSimulator.ActiveCfg = Release|Any CPU
		{4EBD9018-1C9F-49DF-90C4-FE13FE88E5EA}.Release|iPhoneSimulator.Build.0 = Release|Any CPU
		{2641BC03-DAFB-4337-AABC-76F450DC0E1F}.Ad-Hoc|Any CPU.ActiveCfg = Release|Any CPU
		{2641BC03-DAFB-4337-AABC-76F450DC0E1F}.Ad-Hoc|Any CPU.Build.0 = Release|Any CPU
		{2641BC03-DAFB-4337-AABC-76F450DC0E1F}.Ad-Hoc|iPhone.ActiveCfg = Release|Any CPU
		{2641BC03-DAFB-4337-AABC-76F450DC0E1F}.Ad-Hoc|iPhone.Build.0 = Release|Any CPU
		{2641BC03-DAFB-4337-AABC-76F450DC0E1F}.Ad-Hoc|iPhoneSimulator.ActiveCfg = Release|Any CPU
		{2641BC03-DAFB-4337-AABC-76F450DC0E1F}.Ad-Hoc|iPhoneSimulator.Build.0 = Release|Any CPU
		{2641BC03-DAFB-4337-AABC-76F450DC0E1F}.AppStore|Any CPU.ActiveCfg = Release|Any CPU
		{2641BC03-DAFB-4337-AABC-76F450DC0E1F}.AppStore|Any CPU.Build.0 = Release|Any CPU
		{2641BC03-DAFB-4337-AABC-76F450DC0E1F}.AppStore|iPhone.ActiveCfg = Release|Any CPU
		{2641BC03-DAFB-4337-AABC-76F450DC0E1F}.AppStore|iPhone.Build.0 = Release|Any CPU
		{2641BC03-DAFB-4337-AABC-76F450DC0E1F}.AppStore|iPhoneSimulator.ActiveCfg = Release|Any CPU
		{2641BC03-DAFB-4337-AABC-76F450DC0E1F}.AppStore|iPhoneSimulator.Build.0 = Release|Any CPU
		{2641BC03-DAFB-4337-AABC-76F450DC0E1F}.Debug|Any CPU.ActiveCfg = Debug|Any CPU
		{2641BC03-DAFB-4337-AABC-76F450DC0E1F}.Debug|Any CPU.Build.0 = Debug|Any CPU
		{2641BC03-DAFB-4337-AABC-76F450DC0E1F}.Debug|iPhone.ActiveCfg = Debug|Any CPU
		{2641BC03-DAFB-4337-AABC-76F450DC0E1F}.Debug|iPhone.Build.0 = Debug|Any CPU
		{2641BC03-DAFB-4337-AABC-76F450DC0E1F}.Debug|iPhoneSimulator.ActiveCfg = Debug|Any CPU
		{2641BC03-DAFB-4337-AABC-76F450DC0E1F}.Debug|iPhoneSimulator.Build.0 = Debug|Any CPU
		{2641BC03-DAFB-4337-AABC-76F450DC0E1F}.Release|Any CPU.ActiveCfg = Release|Any CPU
		{2641BC03-DAFB-4337-AABC-76F450DC0E1F}.Release|Any CPU.Build.0 = Release|Any CPU
		{2641BC03-DAFB-4337-AABC-76F450DC0E1F}.Release|iPhone.ActiveCfg = Release|Any CPU
		{2641BC03-DAFB-4337-AABC-76F450DC0E1F}.Release|iPhone.Build.0 = Release|Any CPU
		{2641BC03-DAFB-4337-AABC-76F450DC0E1F}.Release|iPhoneSimulator.ActiveCfg = Release|Any CPU
		{2641BC03-DAFB-4337-AABC-76F450DC0E1F}.Release|iPhoneSimulator.Build.0 = Release|Any CPU
		{BEC51383-2472-4452-B0B5-B648C089F700}.Ad-Hoc|Any CPU.ActiveCfg = Release|Any CPU
		{BEC51383-2472-4452-B0B5-B648C089F700}.Ad-Hoc|Any CPU.Build.0 = Release|Any CPU
		{BEC51383-2472-4452-B0B5-B648C089F700}.Ad-Hoc|Any CPU.Deploy.0 = Release|Any CPU
		{BEC51383-2472-4452-B0B5-B648C089F700}.Ad-Hoc|iPhone.ActiveCfg = Release|Any CPU
		{BEC51383-2472-4452-B0B5-B648C089F700}.Ad-Hoc|iPhone.Build.0 = Release|Any CPU
		{BEC51383-2472-4452-B0B5-B648C089F700}.Ad-Hoc|iPhone.Deploy.0 = Release|Any CPU
		{BEC51383-2472-4452-B0B5-B648C089F700}.Ad-Hoc|iPhoneSimulator.ActiveCfg = Release|Any CPU
		{BEC51383-2472-4452-B0B5-B648C089F700}.Ad-Hoc|iPhoneSimulator.Build.0 = Release|Any CPU
		{BEC51383-2472-4452-B0B5-B648C089F700}.Ad-Hoc|iPhoneSimulator.Deploy.0 = Release|Any CPU
		{BEC51383-2472-4452-B0B5-B648C089F700}.AppStore|Any CPU.ActiveCfg = Release|Any CPU
		{BEC51383-2472-4452-B0B5-B648C089F700}.AppStore|Any CPU.Build.0 = Release|Any CPU
		{BEC51383-2472-4452-B0B5-B648C089F700}.AppStore|Any CPU.Deploy.0 = Release|Any CPU
		{BEC51383-2472-4452-B0B5-B648C089F700}.AppStore|iPhone.ActiveCfg = Release|Any CPU
		{BEC51383-2472-4452-B0B5-B648C089F700}.AppStore|iPhone.Build.0 = Release|Any CPU
		{BEC51383-2472-4452-B0B5-B648C089F700}.AppStore|iPhone.Deploy.0 = Release|Any CPU
		{BEC51383-2472-4452-B0B5-B648C089F700}.AppStore|iPhoneSimulator.ActiveCfg = Release|Any CPU
		{BEC51383-2472-4452-B0B5-B648C089F700}.AppStore|iPhoneSimulator.Build.0 = Release|Any CPU
		{BEC51383-2472-4452-B0B5-B648C089F700}.AppStore|iPhoneSimulator.Deploy.0 = Release|Any CPU
		{BEC51383-2472-4452-B0B5-B648C089F700}.Debug|Any CPU.ActiveCfg = Debug|Any CPU
		{BEC51383-2472-4452-B0B5-B648C089F700}.Debug|Any CPU.Build.0 = Debug|Any CPU
		{BEC51383-2472-4452-B0B5-B648C089F700}.Debug|Any CPU.Deploy.0 = Debug|Any CPU
		{BEC51383-2472-4452-B0B5-B648C089F700}.Debug|iPhone.ActiveCfg = Debug|Any CPU
		{BEC51383-2472-4452-B0B5-B648C089F700}.Debug|iPhone.Build.0 = Debug|Any CPU
		{BEC51383-2472-4452-B0B5-B648C089F700}.Debug|iPhone.Deploy.0 = Debug|Any CPU
		{BEC51383-2472-4452-B0B5-B648C089F700}.Debug|iPhoneSimulator.ActiveCfg = Debug|Any CPU
		{BEC51383-2472-4452-B0B5-B648C089F700}.Debug|iPhoneSimulator.Build.0 = Debug|Any CPU
		{BEC51383-2472-4452-B0B5-B648C089F700}.Debug|iPhoneSimulator.Deploy.0 = Debug|Any CPU
		{BEC51383-2472-4452-B0B5-B648C089F700}.Release|Any CPU.ActiveCfg = Release|Any CPU
		{BEC51383-2472-4452-B0B5-B648C089F700}.Release|Any CPU.Build.0 = Release|Any CPU
		{BEC51383-2472-4452-B0B5-B648C089F700}.Release|Any CPU.Deploy.0 = Release|Any CPU
		{BEC51383-2472-4452-B0B5-B648C089F700}.Release|iPhone.ActiveCfg = Release|Any CPU
		{BEC51383-2472-4452-B0B5-B648C089F700}.Release|iPhone.Build.0 = Release|Any CPU
		{BEC51383-2472-4452-B0B5-B648C089F700}.Release|iPhone.Deploy.0 = Release|Any CPU
		{BEC51383-2472-4452-B0B5-B648C089F700}.Release|iPhoneSimulator.ActiveCfg = Release|Any CPU
		{BEC51383-2472-4452-B0B5-B648C089F700}.Release|iPhoneSimulator.Build.0 = Release|Any CPU
		{BEC51383-2472-4452-B0B5-B648C089F700}.Release|iPhoneSimulator.Deploy.0 = Release|Any CPU
		{756B839A-5F24-4015-B64C-81EC98836B31}.Ad-Hoc|Any CPU.ActiveCfg = Release|Any CPU
		{756B839A-5F24-4015-B64C-81EC98836B31}.Ad-Hoc|Any CPU.Build.0 = Release|Any CPU
		{756B839A-5F24-4015-B64C-81EC98836B31}.Ad-Hoc|iPhone.ActiveCfg = Release|Any CPU
		{756B839A-5F24-4015-B64C-81EC98836B31}.Ad-Hoc|iPhone.Build.0 = Release|Any CPU
		{756B839A-5F24-4015-B64C-81EC98836B31}.Ad-Hoc|iPhoneSimulator.ActiveCfg = Release|Any CPU
		{756B839A-5F24-4015-B64C-81EC98836B31}.Ad-Hoc|iPhoneSimulator.Build.0 = Release|Any CPU
		{756B839A-5F24-4015-B64C-81EC98836B31}.AppStore|Any CPU.ActiveCfg = Release|Any CPU
		{756B839A-5F24-4015-B64C-81EC98836B31}.AppStore|Any CPU.Build.0 = Release|Any CPU
		{756B839A-5F24-4015-B64C-81EC98836B31}.AppStore|iPhone.ActiveCfg = Release|Any CPU
		{756B839A-5F24-4015-B64C-81EC98836B31}.AppStore|iPhone.Build.0 = Release|Any CPU
		{756B839A-5F24-4015-B64C-81EC98836B31}.AppStore|iPhoneSimulator.ActiveCfg = Release|Any CPU
		{756B839A-5F24-4015-B64C-81EC98836B31}.AppStore|iPhoneSimulator.Build.0 = Release|Any CPU
		{756B839A-5F24-4015-B64C-81EC98836B31}.Debug|Any CPU.ActiveCfg = Debug|Any CPU
		{756B839A-5F24-4015-B64C-81EC98836B31}.Debug|Any CPU.Build.0 = Debug|Any CPU
		{756B839A-5F24-4015-B64C-81EC98836B31}.Debug|iPhone.ActiveCfg = Debug|Any CPU
		{756B839A-5F24-4015-B64C-81EC98836B31}.Debug|iPhone.Build.0 = Debug|Any CPU
		{756B839A-5F24-4015-B64C-81EC98836B31}.Debug|iPhoneSimulator.ActiveCfg = Debug|Any CPU
		{756B839A-5F24-4015-B64C-81EC98836B31}.Debug|iPhoneSimulator.Build.0 = Debug|Any CPU
		{756B839A-5F24-4015-B64C-81EC98836B31}.Release|Any CPU.ActiveCfg = Release|Any CPU
		{756B839A-5F24-4015-B64C-81EC98836B31}.Release|Any CPU.Build.0 = Release|Any CPU
		{756B839A-5F24-4015-B64C-81EC98836B31}.Release|iPhone.ActiveCfg = Release|Any CPU
		{756B839A-5F24-4015-B64C-81EC98836B31}.Release|iPhone.Build.0 = Release|Any CPU
		{756B839A-5F24-4015-B64C-81EC98836B31}.Release|iPhoneSimulator.ActiveCfg = Release|Any CPU
		{756B839A-5F24-4015-B64C-81EC98836B31}.Release|iPhoneSimulator.Build.0 = Release|Any CPU
	EndGlobalSection
	GlobalSection(SolutionProperties) = preSolution
		HideSolutionNode = FALSE
	EndGlobalSection
	GlobalSection(ExtensibilityGlobals) = postSolution
		SolutionGuid = {231A7431-793F-44EF-89BD-DBEEC12A8EC5}
	EndGlobalSection
EndGlobal
